
Microsoft Visual Studio Solution File, Format Version 12.00
# Visual Studio 15
VisualStudioVersion = 15.0.28307.421
MinimumVisualStudioVersion = 10.0.40219.1
Project("{9A19103F-16F7-4668-BE54-9A1E7A4F7556}") = "kcdz.dwd.api", "kcdz.dwd.api\kcdz.dwd.api.csproj", "{EC1ACBA0-5756-40E9-B071-0C647FA2E95B}"
EndProject
Global
	GlobalSection(SolutionConfigurationPlatforms) = preSolution
		Debug|Any CPU = Debug|Any CPU
		Release|Any CPU = Release|Any CPU
	EndGlobalSection
	GlobalSection(ProjectConfigurationPlatforms) = postSolution
		{EC1ACBA0-5756-40E9-B071-0C647FA2E95B}.Debug|Any CPU.ActiveCfg = Debug|Any CPU
		{EC1ACBA0-5756-40E9-B071-0C647FA2E95B}.Debug|Any CPU.Build.0 = Debug|Any CPU
		{EC1ACBA0-5756-40E9-B071-0C647FA2E95B}.Release|Any CPU.ActiveCfg = Release|Any CPU
		{EC1ACBA0-5756-40E9-B071-0C647FA2E95B}.Release|Any CPU.Build.0 = Release|Any CPU
	EndGlobalSection
	GlobalSection(SolutionProperties) = preSolution
		HideSolutionNode = FALSE
	EndGlobalSection
	GlobalSection(ExtensibilityGlobals) = postSolution
		SolutionGuid = {4422310B-3066-4AFC-A2A7-FD7F76B17A73}
	EndGlobalSection
EndGlobal
